
Microsoft Visual Studio Solution File, Format Version 12.00
# Visual Studio Version 16
VisualStudioVersion = 16.0.29215.179
MinimumVisualStudioVersion = 10.0.40219.1
Project("{159641D6-6404-4A2A-AE62-294DE0FE8301}") = "Data Comercial", "Data Comercial.dtproj", "{7A89747B-1C93-43EA-900A-725648881C0E}"
EndProject
Global
	GlobalSection(SolutionConfigurationPlatforms) = preSolution
		Development|Default = Development|Default
	EndGlobalSection
	GlobalSection(ProjectConfigurationPlatforms) = postSolution
		{7A89747B-1C93-43EA-900A-725648881C0E}.Development|Default.ActiveCfg = Development
		{7A89747B-1C93-43EA-900A-725648881C0E}.Development|Default.Build.0 = Development
	EndGlobalSection
	GlobalSection(SolutionProperties) = preSolution
		HideSolutionNode = FALSE
	EndGlobalSection
	GlobalSection(ExtensibilityGlobals) = postSolution
		SolutionGuid = {D948F967-3289-4AFE-B79E-1E8955C05809}
	EndGlobalSection
EndGlobal
